
Microsoft Visual Studio Solution File, Format Version 12.00
# Visual Studio 15
VisualStudioVersion = 15.0.28307.168
MinimumVisualStudioVersion = 10.0.40219.1
Project("{FAE04EC0-301F-11D3-BF4B-00C04F79EFBC}") = "WinFormsHW5", "WinFormsHW5\WinFormsHW5.csproj", "{AFBC9DBC-87E2-400B-A14E-114F86B1494F}"
EndProject
Global
	GlobalSection(SolutionConfigurationPlatforms) = preSolution
		Debug|Any CPU = Debug|Any CPU
		Release|Any CPU = Release|Any CPU
	EndGlobalSection
	GlobalSection(ProjectConfigurationPlatforms) = postSolution
		{AFBC9DBC-87E2-400B-A14E-114F86B1494F}.Debug|Any CPU.ActiveCfg = Debug|Any CPU
		{AFBC9DBC-87E2-400B-A14E-114F86B1494F}.Debug|Any CPU.Build.0 = Debug|Any CPU
		{AFBC9DBC-87E2-400B-A14E-114F86B1494F}.Release|Any CPU.ActiveCfg = Release|Any CPU
		{AFBC9DBC-87E2-400B-A14E-114F86B1494F}.Release|Any CPU.Build.0 = Release|Any CPU
	EndGlobalSection
	GlobalSection(SolutionProperties) = preSolution
		HideSolutionNode = FALSE
	EndGlobalSection
	GlobalSection(ExtensibilityGlobals) = postSolution
		SolutionGuid = {89241118-80B2-41EE-92D6-68FD04433B7D}
	EndGlobalSection
EndGlobal
